
Microsoft Visual Studio Solution File, Format Version 12.00
# Visual Studio Version 17
VisualStudioVersion = 17.9.34728.123
MinimumVisualStudioVersion = 10.0.40219.1
Project("{FAE04EC0-301F-11D3-BF4B-00C04F79EFBC}") = "helveticride", "helveticride.csproj", "{90386B3A-F797-4E21-87D7-9712B8CEE23D}"
EndProject
Global
	GlobalSection(SolutionConfigurationPlatforms) = preSolution
		Debug|Any CPU = Debug|Any CPU
		Release|Any CPU = Release|Any CPU
	EndGlobalSection
	GlobalSection(ProjectConfigurationPlatforms) = postSolution
		{90386B3A-F797-4E21-87D7-9712B8CEE23D}.Debug|Any CPU.ActiveCfg = Debug|Any CPU
		{90386B3A-F797-4E21-87D7-9712B8CEE23D}.Debug|Any CPU.Build.0 = Debug|Any CPU
		{90386B3A-F797-4E21-87D7-9712B8CEE23D}.Release|Any CPU.ActiveCfg = Release|Any CPU
		{90386B3A-F797-4E21-87D7-9712B8CEE23D}.Release|Any CPU.Build.0 = Release|Any CPU
	EndGlobalSection
	GlobalSection(SolutionProperties) = preSolution
		HideSolutionNode = FALSE
	EndGlobalSection
	GlobalSection(ExtensibilityGlobals) = postSolution
		SolutionGuid = {F62FB71F-F661-4FB2-910E-CBFB054FAA6F}
	EndGlobalSection
EndGlobal
